{
  "originHash" : "1780af3921f02b7caf3865cdc922c563342c98725e3aee25287e04aca74d2143",
  "pins" : [
    {
      "identity" : "swift-docc-plugin",
      "kind" : "remoteSourceControl",
      "location" : "https://github.com/swiftlang/swift-docc-plugin",
      "state" : {
        "revision" : "647c708be89f834fa6a6d4945442793a77ddf5b6",
        "version" : "1.5.0"
      }
    },
    {
      "identity" : "swift-docc-symbolkit",
      "kind" : "remoteSourceControl",
      "location" : "https://github.com/swiftlang/swift-docc-symbolkit",
      "state" : {
        "revision" : "b45d1f2ed151d057b54504d653e0da5552844e34",
        "version" : "1.0.0"
      }
    },
    {
      "identity" : "swift-numerics",
      "kind" : "remoteSourceControl",
      "location" : "https://github.com/apple/swift-numerics",
      "state" : {
        "revision" : "0c0290ff6b24942dadb83a929ffaaa1481df04a2",
        "version" : "1.1.1"
      }
    },
    {
      "identity" : "swift-system",
      "kind" : "remoteSourceControl",
      "location" : "https://github.com/apple/swift-system",
      "state" : {
        "revision" : "b5544ba79a70a0cb3563e75bf26dc198d6b40ed3",
        "version" : "1.7.4"
      }
    },
    {
      "identity" : "swift-terminal",
      "kind" : "remoteSourceControl",
      "location" : "https://github.com/minacle/swift-terminal",
      "state" : {
        "revision" : "645d429e6158d226c4b82f8ca5bf91c2a9e9c4b1",
        "version" : "0.0.2"
      }
    },
    {
      "identity" : "swift-termios",
      "kind" : "remoteSourceControl",
      "location" : "https://github.com/minacle/swift-termios",
      "state" : {
        "revision" : "ea47a4863d918fb6acfc9ab285344a8185045d80",
        "version" : "1.0.0"
      }
    }
  ],
  "version" : 3
}
