{
  "originHash" : "2c474e784a987710c1eff13f55ce1151e4ac28b65dd547b5672d31d3c991772a",
  "pins" : [
    {
      "identity" : "swift-numerics",
      "kind" : "remoteSourceControl",
      "location" : "https://github.com/apple/swift-numerics",
      "state" : {
        "revision" : "0c0290ff6b24942dadb83a929ffaaa1481df04a2",
        "version" : "1.1.1"
      }
    },
    {
      "identity" : "swift-system",
      "kind" : "remoteSourceControl",
      "location" : "https://github.com/apple/swift-system",
      "state" : {
        "revision" : "7502b711c92a17741fa625d722b0ccbd595d8ed1",
        "version" : "1.7.2"
      }
    },
    {
      "identity" : "swift-terminal",
      "kind" : "remoteSourceControl",
      "location" : "https://github.com/minacle/swift-terminal",
      "state" : {
        "revision" : "1f45bc5860f008543cd9a718fb1e66920ef9411d"
      }
    },
    {
      "identity" : "swift-termios",
      "kind" : "remoteSourceControl",
      "location" : "https://github.com/minacle/swift-termios",
      "state" : {
        "revision" : "ea47a4863d918fb6acfc9ab285344a8185045d80",
        "version" : "1.0.0"
      }
    }
  ],
  "version" : 3
}
