{
  "originHash" : "748aea42c0423ede73a3e0427b24a1e68c1ec759fa932ebd90ebf224d6b6ab1a",
  "pins" : [
    {
      "identity" : "swift-docc-plugin",
      "kind" : "remoteSourceControl",
      "location" : "https://github.com/swiftlang/swift-docc-plugin",
      "state" : {
        "revision" : "647c708be89f834fa6a6d4945442793a77ddf5b6",
        "version" : "1.5.0"
      }
    },
    {
      "identity" : "swift-docc-symbolkit",
      "kind" : "remoteSourceControl",
      "location" : "https://github.com/swiftlang/swift-docc-symbolkit",
      "state" : {
        "revision" : "b45d1f2ed151d057b54504d653e0da5552844e34",
        "version" : "1.0.0"
      }
    },
    {
      "identity" : "swift-numerics",
      "kind" : "remoteSourceControl",
      "location" : "https://github.com/apple/swift-numerics",
      "state" : {
        "revision" : "0c0290ff6b24942dadb83a929ffaaa1481df04a2",
        "version" : "1.1.1"
      }
    },
    {
      "identity" : "swift-system",
      "kind" : "remoteSourceControl",
      "location" : "https://github.com/apple/swift-system",
      "state" : {
        "revision" : "7502b711c92a17741fa625d722b0ccbd595d8ed1",
        "version" : "1.7.2"
      }
    },
    {
      "identity" : "swift-terminal",
      "kind" : "remoteSourceControl",
      "location" : "https://github.com/minacle/swift-terminal",
      "state" : {
        "revision" : "1f45bc5860f008543cd9a718fb1e66920ef9411d"
      }
    },
    {
      "identity" : "swift-termios",
      "kind" : "remoteSourceControl",
      "location" : "https://github.com/minacle/swift-termios",
      "state" : {
        "revision" : "ea47a4863d918fb6acfc9ab285344a8185045d80",
        "version" : "1.0.0"
      }
    }
  ],
  "version" : 3
}
